
Microsoft Visual Studio Solution File, Format Version 12.00
# Visual Studio Version 17
VisualStudioVersion = 17.11.35312.102
MinimumVisualStudioVersion = 10.0.40219.1
Project("{FAE04EC0-301F-11D3-BF4B-00C04F79EFBC}") = "HolidayFinder", "HolidayFinder\HolidayFinder.csproj", "{3B972B56-1AE7-4673-A0F2-8AF0A4974482}"
EndProject
Global
	GlobalSection(SolutionConfigurationPlatforms) = preSolution
		Debug|Any CPU = Debug|Any CPU
		Release|Any CPU = Release|Any CPU
	EndGlobalSection
	GlobalSection(ProjectConfigurationPlatforms) = postSolution
		{3B972B56-1AE7-4673-A0F2-8AF0A4974482}.Debug|Any CPU.ActiveCfg = Debug|Any CPU
		{3B972B56-1AE7-4673-A0F2-8AF0A4974482}.Debug|Any CPU.Build.0 = Debug|Any CPU
		{3B972B56-1AE7-4673-A0F2-8AF0A4974482}.Release|Any CPU.ActiveCfg = Release|Any CPU
		{3B972B56-1AE7-4673-A0F2-8AF0A4974482}.Release|Any CPU.Build.0 = Release|Any CPU
	EndGlobalSection
	GlobalSection(SolutionProperties) = preSolution
		HideSolutionNode = FALSE
	EndGlobalSection
	GlobalSection(ExtensibilityGlobals) = postSolution
		SolutionGuid = {5C9AF484-6347-4C69-8AA8-112DFB9E1069}
	EndGlobalSection
EndGlobal
